
Microsoft Visual Studio Solution File, Format Version 12.00
# Visual Studio 15
VisualStudioVersion = 15.0.26730.10
MinimumVisualStudioVersion = 10.0.40219.1
Project("{2150E333-8FDC-42A3-9474-1A3956D46DE8}") = ".paket", ".paket", "{2639B8B4-8230-4AC2-ABC1-0371DCBFDB2A}"
	ProjectSection(SolutionItems) = preProject
		paket.dependencies = paket.dependencies
		paket.lock = paket.lock
	EndProjectSection
EndProject
Project("{FAE04EC0-301F-11D3-BF4B-00C04F79EFBC}") = "RetrosApi", "RetrosApi\RetrosApi.csproj", "{74D67A8F-FD88-4B1F-ACAB-6757FC4543F8}"
EndProject
Global
	GlobalSection(SolutionConfigurationPlatforms) = preSolution
		Debug|Any CPU = Debug|Any CPU
		Release|Any CPU = Release|Any CPU
	EndGlobalSection
	GlobalSection(ProjectConfigurationPlatforms) = postSolution
		{74D67A8F-FD88-4B1F-ACAB-6757FC4543F8}.Debug|Any CPU.ActiveCfg = Debug|Any CPU
		{74D67A8F-FD88-4B1F-ACAB-6757FC4543F8}.Debug|Any CPU.Build.0 = Debug|Any CPU
		{74D67A8F-FD88-4B1F-ACAB-6757FC4543F8}.Release|Any CPU.ActiveCfg = Release|Any CPU
		{74D67A8F-FD88-4B1F-ACAB-6757FC4543F8}.Release|Any CPU.Build.0 = Release|Any CPU
	EndGlobalSection
	GlobalSection(SolutionProperties) = preSolution
		HideSolutionNode = FALSE
	EndGlobalSection
	GlobalSection(ExtensibilityGlobals) = postSolution
		SolutionGuid = {36FABC1E-F7B7-4927-AAA9-0B79E71A9FDF}
	EndGlobalSection
EndGlobal
